{
  "name": "examples",
  "version": "1.0.0",
  "lockfileVersion": 2,
  "requires": true,
  "packages": {
    "": {
      "name": "examples",
      "version": "1.0.0",
      "license": "ISC",
      "dependencies": {
        "codemirror": "^5.65.16",
        "parinfer-codemirror": "^1.4.2",
        "prettier": "^2.8.8"
      }
    },
    "node_modules/codemirror": {
      "version": "5.65.16",
      "resolved": "https://registry.npmjs.org/codemirror/-/codemirror-5.65.16.tgz",
      "integrity": "sha512-br21LjYmSlVL0vFCPWPfhzUCT34FM/pAdK7rRIZwa0rrtrIdotvP4Oh4GUHsu2E3IrQMCfRkL/fN3ytMNxVQvg=="
    },
    "node_modules/parinfer": {
      "version": "3.12.0",
      "resolved": "https://registry.npmjs.org/parinfer/-/parinfer-3.12.0.tgz",
      "integrity": "sha512-iViQ8vtJ6CEa9x0SxcQCtsOYSCVVu7ILnuUJfKHPEGjxM0Z6R1EdAJX3kWyqZDrszvQyYWl/XpD9pN2IFgSF/g=="
    },
    "node_modules/parinfer-codemirror": {
      "version": "1.4.2",
      "resolved": "https://registry.npmjs.org/parinfer-codemirror/-/parinfer-codemirror-1.4.2.tgz",
      "integrity": "sha1-K5t/J69lvxQoIDShdzHUqCNn0EY=",
      "dependencies": {
        "parinfer": "^3.11.0"
      }
    },
    "node_modules/prettier": {
      "version": "2.8.8",
      "resolved": "https://registry.npmjs.org/prettier/-/prettier-2.8.8.tgz",
      "integrity": "sha512-tdN8qQGvNjw4CHbY+XXk0JgCXn9QiF21a55rBe5LJAU+kDyC4WQn4+awm2Xfk2lQMk5fKup9XgzTZtGkjBdP9Q==",
      "bin": {
        "prettier": "bin-prettier.js"
      },
      "engines": {
        "node": ">=10.13.0"
      },
      "funding": {
        "url": "https://github.com/prettier/prettier?sponsor=1"
      }
    }
  },
  "dependencies": {
    "codemirror": {
      "version": "5.65.16",
      "resolved": "https://registry.npmjs.org/codemirror/-/codemirror-5.65.16.tgz",
      "integrity": "sha512-br21LjYmSlVL0vFCPWPfhzUCT34FM/pAdK7rRIZwa0rrtrIdotvP4Oh4GUHsu2E3IrQMCfRkL/fN3ytMNxVQvg=="
    },
    "parinfer": {
      "version": "3.12.0",
      "resolved": "https://registry.npmjs.org/parinfer/-/parinfer-3.12.0.tgz",
      "integrity": "sha512-iViQ8vtJ6CEa9x0SxcQCtsOYSCVVu7ILnuUJfKHPEGjxM0Z6R1EdAJX3kWyqZDrszvQyYWl/XpD9pN2IFgSF/g=="
    },
    "parinfer-codemirror": {
      "version": "1.4.2",
      "resolved": "https://registry.npmjs.org/parinfer-codemirror/-/parinfer-codemirror-1.4.2.tgz",
      "integrity": "sha1-K5t/J69lvxQoIDShdzHUqCNn0EY=",
      "requires": {
        "parinfer": "^3.11.0"
      }
    },
    "prettier": {
      "version": "2.8.8",
      "resolved": "https://registry.npmjs.org/prettier/-/prettier-2.8.8.tgz",
      "integrity": "sha512-tdN8qQGvNjw4CHbY+XXk0JgCXn9QiF21a55rBe5LJAU+kDyC4WQn4+awm2Xfk2lQMk5fKup9XgzTZtGkjBdP9Q=="
    }
  }
}
