{
  "name": "examples",
  "version": "1.0.0",
  "lockfileVersion": 2,
  "requires": true,
  "packages": {
    "": {
      "version": "1.0.0",
      "license": "ISC",
      "dependencies": {
        "codemirror": "^5.59.4"
      }
    },
    "node_modules/codemirror": {
      "version": "5.59.4",
      "resolved": "https://registry.npmjs.org/codemirror/-/codemirror-5.59.4.tgz",
      "integrity": "sha512-achw5JBgx8QPcACDDn+EUUXmCYzx/zxEtOGXyjvLEvYY8GleUrnfm5D+Zb+UjShHggXKDT9AXrbkBZX6a0YSQg=="
    }
  },
  "dependencies": {
    "codemirror": {
      "version": "5.59.4",
      "resolved": "https://registry.npmjs.org/codemirror/-/codemirror-5.59.4.tgz",
      "integrity": "sha512-achw5JBgx8QPcACDDn+EUUXmCYzx/zxEtOGXyjvLEvYY8GleUrnfm5D+Zb+UjShHggXKDT9AXrbkBZX6a0YSQg=="
    }
  }
}
