{
  "name": "examples",
  "version": "1.0.0",
  "lockfileVersion": 2,
  "requires": true,
  "packages": {
    "": {
      "version": "1.0.0",
      "license": "ISC",
      "dependencies": {
        "codemirror": "^5.59.4",
        "parinfer-codemirror": "^1.4.2",
        "prettier": "^2.2.1"
      }
    },
    "node_modules/codemirror": {
      "version": "5.59.4",
      "resolved": "https://registry.npmjs.org/codemirror/-/codemirror-5.59.4.tgz",
      "integrity": "sha512-achw5JBgx8QPcACDDn+EUUXmCYzx/zxEtOGXyjvLEvYY8GleUrnfm5D+Zb+UjShHggXKDT9AXrbkBZX6a0YSQg=="
    },
    "node_modules/parinfer": {
      "version": "3.12.0",
      "resolved": "https://registry.npmjs.org/parinfer/-/parinfer-3.12.0.tgz",
      "integrity": "sha512-iViQ8vtJ6CEa9x0SxcQCtsOYSCVVu7ILnuUJfKHPEGjxM0Z6R1EdAJX3kWyqZDrszvQyYWl/XpD9pN2IFgSF/g=="
    },
    "node_modules/parinfer-codemirror": {
      "version": "1.4.2",
      "resolved": "https://registry.npmjs.org/parinfer-codemirror/-/parinfer-codemirror-1.4.2.tgz",
      "integrity": "sha1-K5t/J69lvxQoIDShdzHUqCNn0EY=",
      "dependencies": {
        "parinfer": "^3.11.0"
      }
    },
    "node_modules/prettier": {
      "version": "2.2.1",
      "resolved": "https://registry.npmjs.org/prettier/-/prettier-2.2.1.tgz",
      "integrity": "sha512-PqyhM2yCjg/oKkFPtTGUojv7gnZAoG80ttl45O6x2Ug/rMJw4wcc9k6aaf2hibP7BGVCCM33gZoGjyvt9mm16Q==",
      "bin": {
        "prettier": "bin-prettier.js"
      },
      "engines": {
        "node": ">=10.13.0"
      }
    }
  },
  "dependencies": {
    "codemirror": {
      "version": "5.59.4",
      "resolved": "https://registry.npmjs.org/codemirror/-/codemirror-5.59.4.tgz",
      "integrity": "sha512-achw5JBgx8QPcACDDn+EUUXmCYzx/zxEtOGXyjvLEvYY8GleUrnfm5D+Zb+UjShHggXKDT9AXrbkBZX6a0YSQg=="
    },
    "parinfer": {
      "version": "3.12.0",
      "resolved": "https://registry.npmjs.org/parinfer/-/parinfer-3.12.0.tgz",
      "integrity": "sha512-iViQ8vtJ6CEa9x0SxcQCtsOYSCVVu7ILnuUJfKHPEGjxM0Z6R1EdAJX3kWyqZDrszvQyYWl/XpD9pN2IFgSF/g=="
    },
    "parinfer-codemirror": {
      "version": "1.4.2",
      "resolved": "https://registry.npmjs.org/parinfer-codemirror/-/parinfer-codemirror-1.4.2.tgz",
      "integrity": "sha1-K5t/J69lvxQoIDShdzHUqCNn0EY=",
      "requires": {
        "parinfer": "^3.11.0"
      }
    },
    "prettier": {
      "version": "2.2.1",
      "resolved": "https://registry.npmjs.org/prettier/-/prettier-2.2.1.tgz",
      "integrity": "sha512-PqyhM2yCjg/oKkFPtTGUojv7gnZAoG80ttl45O6x2Ug/rMJw4wcc9k6aaf2hibP7BGVCCM33gZoGjyvt9mm16Q=="
    }
  }
}
